
Microsoft Visual Studio Solution File, Format Version 12.00
# Visual Studio Version 17
VisualStudioVersion = 17.7.34024.191
MinimumVisualStudioVersion = 10.0.40219.1
Project("{8BC9CEB8-8B4A-11D0-8D11-00A0C91BC942}") = "LAB7.2rek", "LAB7.2rek\LAB7.2rek.vcxproj", "{C2E47E45-6409-495B-98F3-F9C2C61984A9}"
EndProject
Project("{8BC9CEB8-8B4A-11D0-8D11-00A0C91BC942}") = "UnitTest7.2rek", "UnitTest7.2rek\UnitTest7.2rek.vcxproj", "{48C54122-B354-48F4-999C-D477F2DD9574}"
EndProject
Global
	GlobalSection(SolutionConfigurationPlatforms) = preSolution
		Debug|x64 = Debug|x64
		Debug|x86 = Debug|x86
		Release|x64 = Release|x64
		Release|x86 = Release|x86
	EndGlobalSection
	GlobalSection(ProjectConfigurationPlatforms) = postSolution
		{C2E47E45-6409-495B-98F3-F9C2C61984A9}.Debug|x64.ActiveCfg = Debug|x64
		{C2E47E45-6409-495B-98F3-F9C2C61984A9}.Debug|x64.Build.0 = Debug|x64
		{C2E47E45-6409-495B-98F3-F9C2C61984A9}.Debug|x86.ActiveCfg = Debug|Win32
		{C2E47E45-6409-495B-98F3-F9C2C61984A9}.Debug|x86.Build.0 = Debug|Win32
		{C2E47E45-6409-495B-98F3-F9C2C61984A9}.Release|x64.ActiveCfg = Release|x64
		{C2E47E45-6409-495B-98F3-F9C2C61984A9}.Release|x64.Build.0 = Release|x64
		{C2E47E45-6409-495B-98F3-F9C2C61984A9}.Release|x86.ActiveCfg = Release|Win32
		{C2E47E45-6409-495B-98F3-F9C2C61984A9}.Release|x86.Build.0 = Release|Win32
		{48C54122-B354-48F4-999C-D477F2DD9574}.Debug|x64.ActiveCfg = Debug|x64
		{48C54122-B354-48F4-999C-D477F2DD9574}.Debug|x64.Build.0 = Debug|x64
		{48C54122-B354-48F4-999C-D477F2DD9574}.Debug|x86.ActiveCfg = Debug|Win32
		{48C54122-B354-48F4-999C-D477F2DD9574}.Debug|x86.Build.0 = Debug|Win32
		{48C54122-B354-48F4-999C-D477F2DD9574}.Release|x64.ActiveCfg = Release|x64
		{48C54122-B354-48F4-999C-D477F2DD9574}.Release|x64.Build.0 = Release|x64
		{48C54122-B354-48F4-999C-D477F2DD9574}.Release|x86.ActiveCfg = Release|Win32
		{48C54122-B354-48F4-999C-D477F2DD9574}.Release|x86.Build.0 = Release|Win32
	EndGlobalSection
	GlobalSection(SolutionProperties) = preSolution
		HideSolutionNode = FALSE
	EndGlobalSection
	GlobalSection(ExtensibilityGlobals) = postSolution
		SolutionGuid = {24872423-A0FD-4FDF-B686-E2C9DFF8D092}
	EndGlobalSection
EndGlobal
